
Microsoft Visual Studio Solution File, Format Version 12.00
# Visual Studio 15
Project("{FAE04EC0-301F-11D3-BF4B-00C04F79EFBC}") = "Assembly-CSharp", "Assembly-CSharp.csproj", "{9F7DA9BA-5C41-085C-71E8-9689E07EE33A}"
EndProject
Project("{FAE04EC0-301F-11D3-BF4B-00C04F79EFBC}") = "AstarPathfindingProject", "AstarPathfindingProject.csproj", "{1B10A83D-EB46-ED8A-6BCA-82A672676A5F}"
EndProject
Project("{FAE04EC0-301F-11D3-BF4B-00C04F79EFBC}") = "Ink-Libraries", "Ink-Libraries.csproj", "{CFAAFAB2-F525-9643-C6A7-1989F756BF78}"
EndProject
Project("{FAE04EC0-301F-11D3-BF4B-00C04F79EFBC}") = "Elringus.SpriteGlow.Runtime", "Elringus.SpriteGlow.Runtime.csproj", "{88AAAAB4-4600-87E9-5E7F-6AFD39C9D761}"
EndProject
Project("{FAE04EC0-301F-11D3-BF4B-00C04F79EFBC}") = "Assembly-CSharp-Editor", "Assembly-CSharp-Editor.csproj", "{CFE1511E-350D-FA7D-CD84-5274A933E23E}"
EndProject
Project("{FAE04EC0-301F-11D3-BF4B-00C04F79EFBC}") = "AstarPathfindingProjectEditor", "AstarPathfindingProjectEditor.csproj", "{C6B76F16-B242-A6A5-F62A-A6DB160A0855}"
EndProject
Project("{FAE04EC0-301F-11D3-BF4B-00C04F79EFBC}") = "InkEditor", "InkEditor.csproj", "{35055300-EA59-AED3-D82E-F4A4BD3D4C73}"
EndProject
Project("{FAE04EC0-301F-11D3-BF4B-00C04F79EFBC}") = "PackageToolsEditor", "PackageToolsEditor.csproj", "{9060EB88-7594-965B-0D57-85F17D26CDF2}"
EndProject
Global
	GlobalSection(SolutionConfigurationPlatforms) = preSolution
		Debug|Any CPU = Debug|Any CPU
		Release|Any CPU = Release|Any CPU
	EndGlobalSection
	GlobalSection(ProjectConfigurationPlatforms) = postSolution
		{9F7DA9BA-5C41-085C-71E8-9689E07EE33A}.Debug|Any CPU.ActiveCfg = Debug|Any CPU
		{9F7DA9BA-5C41-085C-71E8-9689E07EE33A}.Debug|Any CPU.Build.0 = Debug|Any CPU
		{9F7DA9BA-5C41-085C-71E8-9689E07EE33A}.Release|Any CPU.ActiveCfg = Release|Any CPU
		{9F7DA9BA-5C41-085C-71E8-9689E07EE33A}.Release|Any CPU.Build.0 = Release|Any CPU
		{1B10A83D-EB46-ED8A-6BCA-82A672676A5F}.Debug|Any CPU.ActiveCfg = Debug|Any CPU
		{1B10A83D-EB46-ED8A-6BCA-82A672676A5F}.Debug|Any CPU.Build.0 = Debug|Any CPU
		{1B10A83D-EB46-ED8A-6BCA-82A672676A5F}.Release|Any CPU.ActiveCfg = Release|Any CPU
		{1B10A83D-EB46-ED8A-6BCA-82A672676A5F}.Release|Any CPU.Build.0 = Release|Any CPU
		{CFAAFAB2-F525-9643-C6A7-1989F756BF78}.Debug|Any CPU.ActiveCfg = Debug|Any CPU
		{CFAAFAB2-F525-9643-C6A7-1989F756BF78}.Debug|Any CPU.Build.0 = Debug|Any CPU
		{CFAAFAB2-F525-9643-C6A7-1989F756BF78}.Release|Any CPU.ActiveCfg = Release|Any CPU
		{CFAAFAB2-F525-9643-C6A7-1989F756BF78}.Release|Any CPU.Build.0 = Release|Any CPU
		{88AAAAB4-4600-87E9-5E7F-6AFD39C9D761}.Debug|Any CPU.ActiveCfg = Debug|Any CPU
		{88AAAAB4-4600-87E9-5E7F-6AFD39C9D761}.Debug|Any CPU.Build.0 = Debug|Any CPU
		{88AAAAB4-4600-87E9-5E7F-6AFD39C9D761}.Release|Any CPU.ActiveCfg = Release|Any CPU
		{88AAAAB4-4600-87E9-5E7F-6AFD39C9D761}.Release|Any CPU.Build.0 = Release|Any CPU
		{CFE1511E-350D-FA7D-CD84-5274A933E23E}.Debug|Any CPU.ActiveCfg = Debug|Any CPU
		{CFE1511E-350D-FA7D-CD84-5274A933E23E}.Debug|Any CPU.Build.0 = Debug|Any CPU
		{CFE1511E-350D-FA7D-CD84-5274A933E23E}.Release|Any CPU.ActiveCfg = Release|Any CPU
		{CFE1511E-350D-FA7D-CD84-5274A933E23E}.Release|Any CPU.Build.0 = Release|Any CPU
		{C6B76F16-B242-A6A5-F62A-A6DB160A0855}.Debug|Any CPU.ActiveCfg = Debug|Any CPU
		{C6B76F16-B242-A6A5-F62A-A6DB160A0855}.Debug|Any CPU.Build.0 = Debug|Any CPU
		{C6B76F16-B242-A6A5-F62A-A6DB160A0855}.Release|Any CPU.ActiveCfg = Release|Any CPU
		{C6B76F16-B242-A6A5-F62A-A6DB160A0855}.Release|Any CPU.Build.0 = Release|Any CPU
		{35055300-EA59-AED3-D82E-F4A4BD3D4C73}.Debug|Any CPU.ActiveCfg = Debug|Any CPU
		{35055300-EA59-AED3-D82E-F4A4BD3D4C73}.Debug|Any CPU.Build.0 = Debug|Any CPU
		{35055300-EA59-AED3-D82E-F4A4BD3D4C73}.Release|Any CPU.ActiveCfg = Release|Any CPU
		{35055300-EA59-AED3-D82E-F4A4BD3D4C73}.Release|Any CPU.Build.0 = Release|Any CPU
		{9060EB88-7594-965B-0D57-85F17D26CDF2}.Debug|Any CPU.ActiveCfg = Debug|Any CPU
		{9060EB88-7594-965B-0D57-85F17D26CDF2}.Debug|Any CPU.Build.0 = Debug|Any CPU
		{9060EB88-7594-965B-0D57-85F17D26CDF2}.Release|Any CPU.ActiveCfg = Release|Any CPU
		{9060EB88-7594-965B-0D57-85F17D26CDF2}.Release|Any CPU.Build.0 = Release|Any CPU
	EndGlobalSection
	GlobalSection(SolutionProperties) = preSolution
		HideSolutionNode = FALSE
	EndGlobalSection
EndGlobal
